
Microsoft Visual Studio Solution File, Format Version 12.00
# Visual Studio Version 16
VisualStudioVersion = 16.0.31729.503
MinimumVisualStudioVersion = 10.0.40219.1
Project("{FAE04EC0-301F-11D3-BF4B-00C04F79EFBC}") = "Praktikum04-04", "Praktikum04-04\Praktikum04-04.csproj", "{257A05AC-23D6-4122-B998-FF252B0AAB68}"
EndProject
Global
	GlobalSection(SolutionConfigurationPlatforms) = preSolution
		Debug|Any CPU = Debug|Any CPU
		Release|Any CPU = Release|Any CPU
	EndGlobalSection
	GlobalSection(ProjectConfigurationPlatforms) = postSolution
		{257A05AC-23D6-4122-B998-FF252B0AAB68}.Debug|Any CPU.ActiveCfg = Debug|Any CPU
		{257A05AC-23D6-4122-B998-FF252B0AAB68}.Debug|Any CPU.Build.0 = Debug|Any CPU
		{257A05AC-23D6-4122-B998-FF252B0AAB68}.Release|Any CPU.ActiveCfg = Release|Any CPU
		{257A05AC-23D6-4122-B998-FF252B0AAB68}.Release|Any CPU.Build.0 = Release|Any CPU
	EndGlobalSection
	GlobalSection(SolutionProperties) = preSolution
		HideSolutionNode = FALSE
	EndGlobalSection
	GlobalSection(ExtensibilityGlobals) = postSolution
		SolutionGuid = {1E00703E-DC9B-47B6-A2F6-B197BF154FB2}
	EndGlobalSection
EndGlobal
